// !$*UTF8*$!
{
	archiveVersion = 1;
	classes = {
	};
	objectVersion = 46;
	objects = {

/* Begin PBXBuildFile section */
		AC2D28561BF88BAC007E2B8E /* AppDelegate.swift in Sources */ = {isa = PBXBuildFile; fileRef = AC2D28551BF88BAC007E2B8E /* AppDelegate.swift */; };
		AC2D28581BF88BAC007E2B8E /* ViewController.swift in Sources */ = {isa = PBXBuildFile; fileRef = AC2D28571BF88BAC007E2B8E /* ViewController.swift */; };
		AC2D285D1BF88BAC007E2B8E /* Assets.xcassets in Resources */ = {isa = PBXBuildFile; fileRef = AC2D285C1BF88BAC007E2B8E /* Assets.xcassets */; };
		AC2D286B1BF88BAC007E2B8E /* onetapmusicTests.swift in Sources */ = {isa = PBXBuildFile; fileRef = AC2D286A1BF88BAC007E2B8E /* onetapmusicTests.swift */; };
		AC2D28761BF88BAC007E2B8E /* onetapmusicUITests.swift in Sources */ = {isa = PBXBuildFile; fileRef = AC2D28751BF88BAC007E2B8E /* onetapmusicUITests.swift */; };
		AC2D28841BF89033007E2B8E /* Music.swift in Sources */ = {isa = PBXBuildFile; fileRef = AC2D28831BF89032007E2B8E /* Music.swift */; };
		AC2D28861BF893AF007E2B8E /* Default-568h@2x.png in Resources */ = {isa = PBXBuildFile; fileRef = AC2D28851BF893AF007E2B8E /* Default-568h@2x.png */; };
		AC2D28881BF89441007E2B8E /* MediaPlayer.framework in Frameworks */ = {isa = PBXBuildFile; fileRef = AC2D28871BF89441007E2B8E /* MediaPlayer.framework */; };
		AC2D288A1BF89482007E2B8E /* AVFoundation.framework in Frameworks */ = {isa = PBXBuildFile; fileRef = AC2D28891BF89482007E2B8E /* AVFoundation.framework */; };
		AC8D613A1C0B3CE000CB1A72 /* PlayListViewController.swift in Sources */ = {isa = PBXBuildFile; fileRef = AC8D61391C0B3CE000CB1A72 /* PlayListViewController.swift */; };
		AC8D613C1C0BB82300CB1A72 /* SongViewController.swift in Sources */ = {isa = PBXBuildFile; fileRef = AC8D613B1C0BB82200CB1A72 /* SongViewController.swift */; };
/* End PBXBuildFile section */

/* Begin PBXContainerItemProxy section */
		AC2D28671BF88BAC007E2B8E /* PBXContainerItemProxy */ = {
			isa = PBXContainerItemProxy;
			containerPortal = AC2D284A1BF88BAC007E2B8E /* Project object */;
			proxyType = 1;
			remoteGlobalIDString = AC2D28511BF88BAC007E2B8E;
			remoteInfo = onetapmusic;
		};
		AC2D28721BF88BAC007E2B8E /* PBXContainerItemProxy */ = {
			isa = PBXContainerItemProxy;
			containerPortal = AC2D284A1BF88BAC007E2B8E /* Project object */;
			proxyType = 1;
			remoteGlobalIDString = AC2D28511BF88BAC007E2B8E;
			remoteInfo = onetapmusic;
		};
/* End PBXContainerItemProxy section */

/* Begin PBXFileReference section */
		AC2D28521BF88BAC007E2B8E /* onetapmusic.app */ = {isa = PBXFileReference; explicitFileType = wrapper.application; includeInIndex = 0; path = onetapmusic.app; sourceTree = BUILT_PRODUCTS_DIR; };
		AC2D28551BF88BAC007E2B8E /* AppDelegate.swift */ = {isa = PBXFileReference; lastKnownFileType = sourcecode.swift; path = AppDelegate.swift; sourceTree = "<group>"; };
		AC2D28571BF88BAC007E2B8E /* ViewController.swift */ = {isa = PBXFileReference; lastKnownFileType = sourcecode.swift; path = ViewController.swift; sourceTree = "<group>"; };
		AC2D285C1BF88BAC007E2B8E /* Assets.xcassets */ = {isa = PBXFileReference; lastKnownFileType = folder.assetcatalog; path = Assets.xcassets; sourceTree = "<group>"; };
		AC2D28611BF88BAC007E2B8E /* Info.plist */ = {isa = PBXFileReference; lastKnownFileType = text.plist.xml; path = Info.plist; sourceTree = "<group>"; };
		AC2D28661BF88BAC007E2B8E /* onetapmusicTests.xctest */ = {isa = PBXFileReference; explicitFileType = wrapper.cfbundle; includeInIndex = 0; path = onetapmusicTests.xctest; sourceTree = BUILT_PRODUCTS_DIR; };
		AC2D286A1BF88BAC007E2B8E /* onetapmusicTests.swift */ = {isa = PBXFileReference; lastKnownFileType = sourcecode.swift; path = onetapmusicTests.swift; sourceTree = "<group>"; };
		AC2D286C1BF88BAC007E2B8E /* Info.plist */ = {isa = PBXFileReference; lastKnownFileType = text.plist.xml; path = Info.plist; sourceTree = "<group>"; };
		AC2D28711BF88BAC007E2B8E /* onetapmusicUITests.xctest */ = {isa = PBXFileReference; explicitFileType = wrapper.cfbundle; includeInIndex = 0; path = onetapmusicUITests.xctest; sourceTree = BUILT_PRODUCTS_DIR; };
		AC2D28751BF88BAC007E2B8E /* onetapmusicUITests.swift */ = {isa = PBXFileReference; lastKnownFileType = sourcecode.swift; path = onetapmusicUITests.swift; sourceTree = "<group>"; };
		AC2D28771BF88BAC007E2B8E /* Info.plist */ = {isa = PBXFileReference; lastKnownFileType = text.plist.xml; path = Info.plist; sourceTree = "<group>"; };
		AC2D28831BF89032007E2B8E /* Music.swift */ = {isa = PBXFileReference; fileEncoding = 4; lastKnownFileType = sourcecode.swift; path = Music.swift; sourceTree = "<group>"; };
		AC2D28851BF893AF007E2B8E /* Default-568h@2x.png */ = {isa = PBXFileReference; lastKnownFileType = image.png; path = "Default-568h@2x.png"; sourceTree = "<group>"; };
		AC2D28871BF89441007E2B8E /* MediaPlayer.framework */ = {isa = PBXFileReference; lastKnownFileType = wrapper.framework; name = MediaPlayer.framework; path = System/Library/Frameworks/MediaPlayer.framework; sourceTree = SDKROOT; };
		AC2D28891BF89482007E2B8E /* AVFoundation.framework */ = {isa = PBXFileReference; lastKnownFileType = wrapper.framework; name = AVFoundation.framework; path = System/Library/Frameworks/AVFoundation.framework; sourceTree = SDKROOT; };
		AC8D61391C0B3CE000CB1A72 /* PlayListViewController.swift */ = {isa = PBXFileReference; fileEncoding = 4; lastKnownFileType = sourcecode.swift; path = PlayListViewController.swift; sourceTree = "<group>"; };
		AC8D613B1C0BB82200CB1A72 /* SongViewController.swift */ = {isa = PBXFileReference; fileEncoding = 4; lastKnownFileType = sourcecode.swift; path = SongViewController.swift; sourceTree = "<group>"; };
/* End PBXFileReference section */

/* Begin PBXFrameworksBuildPhase section */
		AC2D284F1BF88BAC007E2B8E /* Frameworks */ = {
			isa = PBXFrameworksBuildPhase;
			buildActionMask = 2147483647;
			files = (
				AC2D288A1BF89482007E2B8E /* AVFoundation.framework in Frameworks */,
				AC2D28881BF89441007E2B8E /* MediaPlayer.framework in Frameworks */,
			);
			runOnlyForDeploymentPostprocessing = 0;
		};
		AC2D28631BF88BAC007E2B8E /* Frameworks */ = {
			isa = PBXFrameworksBuildPhase;
			buildActionMask = 2147483647;
			files = (
			);
			runOnlyForDeploymentPostprocessing = 0;
		};
		AC2D286E1BF88BAC007E2B8E /* Frameworks */ = {
			isa = PBXFrameworksBuildPhase;
			buildActionMask = 2147483647;
			files = (
			);
			runOnlyForDeploymentPostprocessing = 0;
		};
/* End PBXFrameworksBuildPhase section */

/* Begin PBXGroup section */
		AC2D28491BF88BAC007E2B8E = {
			isa = PBXGroup;
			children = (
				AC2D28891BF89482007E2B8E /* AVFoundation.framework */,
				AC2D28871BF89441007E2B8E /* MediaPlayer.framework */,
				AC2D28851BF893AF007E2B8E /* Default-568h@2x.png */,
				AC2D28541BF88BAC007E2B8E /* onetapmusic */,
				AC2D28691BF88BAC007E2B8E /* onetapmusicTests */,
				AC2D28741BF88BAC007E2B8E /* onetapmusicUITests */,
				AC2D28531BF88BAC007E2B8E /* Products */,
			);
			sourceTree = "<group>";
		};
		AC2D28531BF88BAC007E2B8E /* Products */ = {
			isa = PBXGroup;
			children = (
				AC2D28521BF88BAC007E2B8E /* onetapmusic.app */,
				AC2D28661BF88BAC007E2B8E /* onetapmusicTests.xctest */,
				AC2D28711BF88BAC007E2B8E /* onetapmusicUITests.xctest */,
			);
			name = Products;
			sourceTree = "<group>";
		};
		AC2D28541BF88BAC007E2B8E /* onetapmusic */ = {
			isa = PBXGroup;
			children = (
				AC2D28551BF88BAC007E2B8E /* AppDelegate.swift */,
				AC2D28571BF88BAC007E2B8E /* ViewController.swift */,
				AC8D61391C0B3CE000CB1A72 /* PlayListViewController.swift */,
				AC8D613B1C0BB82200CB1A72 /* SongViewController.swift */,
				AC2D28831BF89032007E2B8E /* Music.swift */,
				AC2D285C1BF88BAC007E2B8E /* Assets.xcassets */,
				AC2D28611BF88BAC007E2B8E /* Info.plist */,
			);
			path = onetapmusic;
			sourceTree = "<group>";
		};
		AC2D28691BF88BAC007E2B8E /* onetapmusicTests */ = {
			isa = PBXGroup;
			children = (
				AC2D286A1BF88BAC007E2B8E /* onetapmusicTests.swift */,
				AC2D286C1BF88BAC007E2B8E /* Info.plist */,
			);
			path = onetapmusicTests;
			sourceTree = "<group>";
		};
		AC2D28741BF88BAC007E2B8E /* onetapmusicUITests */ = {
			isa = PBXGroup;
			children = (
				AC2D28751BF88BAC007E2B8E /* onetapmusicUITests.swift */,
				AC2D28771BF88BAC007E2B8E /* Info.plist */,
			);
			path = onetapmusicUITests;
			sourceTree = "<group>";
		};
/* End PBXGroup section */

/* Begin PBXNativeTarget section */
		AC2D28511BF88BAC007E2B8E /* onetapmusic */ = {
			isa = PBXNativeTarget;
			buildConfigurationList = AC2D287A1BF88BAC007E2B8E /* Build configuration list for PBXNativeTarget "onetapmusic" */;
			buildPhases = (
				AC2D284E1BF88BAC007E2B8E /* Sources */,
				AC2D284F1BF88BAC007E2B8E /* Frameworks */,
				AC2D28501BF88BAC007E2B8E /* Resources */,
			);
			buildRules = (
			);
			dependencies = (
			);
			name = onetapmusic;
			productName = onetapmusic;
			productReference = AC2D28521BF88BAC007E2B8E /* onetapmusic.app */;
			productType = "com.apple.product-type.application";
		};
		AC2D28651BF88BAC007E2B8E /* onetapmusicTests */ = {
			isa = PBXNativeTarget;
			buildConfigurationList = AC2D287D1BF88BAC007E2B8E /* Build configuration list for PBXNativeTarget "onetapmusicTests" */;
			buildPhases = (
				AC2D28621BF88BAC007E2B8E /* Sources */,
				AC2D28631BF88BAC007E2B8E /* Frameworks */,
				AC2D28641BF88BAC007E2B8E /* Resources */,
			);
			buildRules = (
			);
			dependencies = (
				AC2D28681BF88BAC007E2B8E /* PBXTargetDependency */,
			);
			name = onetapmusicTests;
			productName = onetapmusicTests;
			productReference = AC2D28661BF88BAC007E2B8E /* onetapmusicTests.xctest */;
			productType = "com.apple.product-type.bundle.unit-test";
		};
		AC2D28701BF88BAC007E2B8E /* onetapmusicUITests */ = {
			isa = PBXNativeTarget;
			buildConfigurationList = AC2D28801BF88BAC007E2B8E /* Build configuration list for PBXNativeTarget "onetapmusicUITests" */;
			buildPhases = (
				AC2D286D1BF88BAC007E2B8E /* Sources */,
				AC2D286E1BF88BAC007E2B8E /* Frameworks */,
				AC2D286F1BF88BAC007E2B8E /* Resources */,
			);
			buildRules = (
			);
			dependencies = (
				AC2D28731BF88BAC007E2B8E /* PBXTargetDependency */,
			);
			name = onetapmusicUITests;
			productName = onetapmusicUITests;
			productReference = AC2D28711BF88BAC007E2B8E /* onetapmusicUITests.xctest */;
			productType = "com.apple.product-type.bundle.ui-testing";
		};
/* End PBXNativeTarget section */

/* Begin PBXProject section */
		AC2D284A1BF88BAC007E2B8E /* Project object */ = {
			isa = PBXProject;
			attributes = {
				LastSwiftUpdateCheck = 0710;
				LastUpgradeCheck = 0710;
				ORGANIZATIONNAME = rg;
				TargetAttributes = {
					AC2D28511BF88BAC007E2B8E = {
						CreatedOnToolsVersion = 7.1.1;
					};
					AC2D28651BF88BAC007E2B8E = {
						CreatedOnToolsVersion = 7.1.1;
						TestTargetID = AC2D28511BF88BAC007E2B8E;
					};
					AC2D28701BF88BAC007E2B8E = {
						CreatedOnToolsVersion = 7.1.1;
						TestTargetID = AC2D28511BF88BAC007E2B8E;
					};
				};
			};
			buildConfigurationList = AC2D284D1BF88BAC007E2B8E /* Build configuration list for PBXProject "onetapmusic" */;
			compatibilityVersion = "Xcode 3.2";
			developmentRegion = English;
			hasScannedForEncodings = 0;
			knownRegions = (
				en,
				Base,
			);
			mainGroup = AC2D28491BF88BAC007E2B8E;
			productRefGroup = AC2D28531BF88BAC007E2B8E /* Products */;
			projectDirPath = "";
			projectRoot = "";
			targets = (
				AC2D28511BF88BAC007E2B8E /* onetapmusic */,
				AC2D28651BF88BAC007E2B8E /* onetapmusicTests */,
				AC2D28701BF88BAC007E2B8E /* onetapmusicUITests */,
			);
		};
/* End PBXProject section */

/* Begin PBXResourcesBuildPhase section */
		AC2D28501BF88BAC007E2B8E /* Resources */ = {
			isa = PBXResourcesBuildPhase;
			buildActionMask = 2147483647;
			files = (
				AC2D285D1BF88BAC007E2B8E /* Assets.xcassets in Resources */,
				AC2D28861BF893AF007E2B8E /* Default-568h@2x.png in Resources */,
			);
			runOnlyForDeploymentPostprocessing = 0;
		};
		AC2D28641BF88BAC007E2B8E /* Resources */ = {
			isa = PBXResourcesBuildPhase;
			buildActionMask = 2147483647;
			files = (
			);
			runOnlyForDeploymentPostprocessing = 0;
		};
		AC2D286F1BF88BAC007E2B8E /* Resources */ = {
			isa = PBXResourcesBuildPhase;
			buildActionMask = 2147483647;
			files = (
			);
			runOnlyForDeploymentPostprocessing = 0;
		};
/* End PBXResourcesBuildPhase section */

/* Begin PBXSourcesBuildPhase section */
		AC2D284E1BF88BAC007E2B8E /* Sources */ = {
			isa = PBXSourcesBuildPhase;
			buildActionMask = 2147483647;
			files = (
				AC8D613A1C0B3CE000CB1A72 /* PlayListViewController.swift in Sources */,
				AC2D28581BF88BAC007E2B8E /* ViewController.swift in Sources */,
				AC8D613C1C0BB82300CB1A72 /* SongViewController.swift in Sources */,
				AC2D28561BF88BAC007E2B8E /* AppDelegate.swift in Sources */,
				AC2D28841BF89033007E2B8E /* Music.swift in Sources */,
			);
			runOnlyForDeploymentPostprocessing = 0;
		};
		AC2D28621BF88BAC007E2B8E /* Sources */ = {
			isa = PBXSourcesBuildPhase;
			buildActionMask = 2147483647;
			files = (
				AC2D286B1BF88BAC007E2B8E /* onetapmusicTests.swift in Sources */,
			);
			runOnlyForDeploymentPostprocessing = 0;
		};
		AC2D286D1BF88BAC007E2B8E /* Sources */ = {
			isa = PBXSourcesBuildPhase;
			buildActionMask = 2147483647;
			files = (
				AC2D28761BF88BAC007E2B8E /* onetapmusicUITests.swift in Sources */,
			);
			runOnlyForDeploymentPostprocessing = 0;
		};
/* End PBXSourcesBuildPhase section */

/* Begin PBXTargetDependency section */
		AC2D28681BF88BAC007E2B8E /* PBXTargetDependency */ = {
			isa = PBXTargetDependency;
			target = AC2D28511BF88BAC007E2B8E /* onetapmusic */;
			targetProxy = AC2D28671BF88BAC007E2B8E /* PBXContainerItemProxy */;
		};
		AC2D28731BF88BAC007E2B8E /* PBXTargetDependency */ = {
			isa = PBXTargetDependency;
			target = AC2D28511BF88BAC007E2B8E /* onetapmusic */;
			targetProxy = AC2D28721BF88BAC007E2B8E /* PBXContainerItemProxy */;
		};
/* End PBXTargetDependency section */

/* Begin XCBuildConfiguration section */
		AC2D28781BF88BAC007E2B8E /* Debug */ = {
			isa = XCBuildConfiguration;
			buildSettings = {
				ALWAYS_SEARCH_USER_PATHS = NO;
				CLANG_CXX_LANGUAGE_STANDARD = "gnu++0x";
				CLANG_CXX_LIBRARY = "libc++";
				CLANG_ENABLE_MODULES = YES;
				CLANG_ENABLE_OBJC_ARC = YES;
				CLANG_WARN_BOOL_CONVERSION = YES;
				CLANG_WARN_CONSTANT_CONVERSION = YES;
				CLANG_WARN_DIRECT_OBJC_ISA_USAGE = YES_ERROR;
				CLANG_WARN_EMPTY_BODY = YES;
				CLANG_WARN_ENUM_CONVERSION = YES;
				CLANG_WARN_INT_CONVERSION = YES;
				CLANG_WARN_OBJC_ROOT_CLASS = YES_ERROR;
				CLANG_WARN_UNREACHABLE_CODE = YES;
				CLANG_WARN__DUPLICATE_METHOD_MATCH = YES;
				"CODE_SIGN_IDENTITY[sdk=iphoneos*]" = "iPhone Developer";
				COPY_PHASE_STRIP = NO;
				DEBUG_INFORMATION_FORMAT = dwarf;
				ENABLE_STRICT_OBJC_MSGSEND = YES;
				ENABLE_TESTABILITY = YES;
				GCC_C_LANGUAGE_STANDARD = gnu99;
				GCC_DYNAMIC_NO_PIC = NO;
				GCC_NO_COMMON_BLOCKS = YES;
				GCC_OPTIMIZATION_LEVEL = 0;
				GCC_PREPROCESSOR_DEFINITIONS = (
					"DEBUG=1",
					"$(inherited)",
				);
				GCC_WARN_64_TO_32_BIT_CONVERSION = YES;
				GCC_WARN_ABOUT_RETURN_TYPE = YES_ERROR;
				GCC_WARN_UNDECLARED_SELECTOR = YES;
				GCC_WARN_UNINITIALIZED_AUTOS = YES_AGGRESSIVE;
				GCC_WARN_UNUSED_FUNCTION = YES;
				GCC_WARN_UNUSED_VARIABLE = YES;
				IPHONEOS_DEPLOYMENT_TARGET = 9.1;
				MTL_ENABLE_DEBUG_INFO = YES;
				ONLY_ACTIVE_ARCH = YES;
				SDKROOT = iphoneos;
				SWIFT_OPTIMIZATION_LEVEL = "-Onone";
			};
			name = Debug;
		};
		AC2D28791BF88BAC007E2B8E /* Release */ = {
			isa = XCBuildConfiguration;
			buildSettings = {
				ALWAYS_SEARCH_USER_PATHS = NO;
				CLANG_CXX_LANGUAGE_STANDARD = "gnu++0x";
				CLANG_CXX_LIBRARY = "libc++";
				CLANG_ENABLE_MODULES = YES;
				CLANG_ENABLE_OBJC_ARC = YES;
				CLANG_WARN_BOOL_CONVERSION = YES;
				CLANG_WARN_CONSTANT_CONVERSION = YES;
				CLANG_WARN_DIRECT_OBJC_ISA_USAGE = YES_ERROR;
				CLANG_WARN_EMPTY_BODY = YES;
				CLANG_WARN_ENUM_CONVERSION = YES;
				CLANG_WARN_INT_CONVERSION = YES;
				CLANG_WARN_OBJC_ROOT_CLASS = YES_ERROR;
				CLANG_WARN_UNREACHABLE_CODE = YES;
				CLANG_WARN__DUPLICATE_METHOD_MATCH = YES;
				"CODE_SIGN_IDENTITY[sdk=iphoneos*]" = "iPhone Developer";
				COPY_PHASE_STRIP = NO;
				DEBUG_INFORMATION_FORMAT = "dwarf-with-dsym";
				ENABLE_NS_ASSERTIONS = NO;
				ENABLE_STRICT_OBJC_MSGSEND = YES;
				GCC_C_LANGUAGE_STANDARD = gnu99;
				GCC_NO_COMMON_BLOCKS = YES;
				GCC_WARN_64_TO_32_BIT_CONVERSION = YES;
				GCC_WARN_ABOUT_RETURN_TYPE = YES_ERROR;
				GCC_WARN_UNDECLARED_SELECTOR = YES;
				GCC_WARN_UNINITIALIZED_AUTOS = YES_AGGRESSIVE;
				GCC_WARN_UNUSED_FUNCTION = YES;
				GCC_WARN_UNUSED_VARIABLE = YES;
				IPHONEOS_DEPLOYMENT_TARGET = 9.1;
				MTL_ENABLE_DEBUG_INFO = NO;
				SDKROOT = iphoneos;
				VALIDATE_PRODUCT = YES;
			};
			name = Release;
		};
		AC2D287B1BF88BAC007E2B8E /* Debug */ = {
			isa = XCBuildConfiguration;
			buildSettings = {
				ASSETCATALOG_COMPILER_APPICON_NAME = AppIcon;
				INFOPLIST_FILE = onetapmusic/Info.plist;
				LD_RUNPATH_SEARCH_PATHS = "$(inherited) @executable_path/Frameworks";
				PRODUCT_BUNDLE_IDENTIFIER = rg.sample.onetapmusic;
				PRODUCT_NAME = "$(TARGET_NAME)";
			};
			name = Debug;
		};
		AC2D287C1BF88BAC007E2B8E /* Release */ = {
			isa = XCBuildConfiguration;
			buildSettings = {
				ASSETCATALOG_COMPILER_APPICON_NAME = AppIcon;
				INFOPLIST_FILE = onetapmusic/Info.plist;
				LD_RUNPATH_SEARCH_PATHS = "$(inherited) @executable_path/Frameworks";
				PRODUCT_BUNDLE_IDENTIFIER = rg.sample.onetapmusic;
				PRODUCT_NAME = "$(TARGET_NAME)";
			};
			name = Release;
		};
		AC2D287E1BF88BAC007E2B8E /* Debug */ = {
			isa = XCBuildConfiguration;
			buildSettings = {
				BUNDLE_LOADER = "$(TEST_HOST)";
				INFOPLIST_FILE = onetapmusicTests/Info.plist;
				LD_RUNPATH_SEARCH_PATHS = "$(inherited) @executable_path/Frameworks @loader_path/Frameworks";
				PRODUCT_BUNDLE_IDENTIFIER = rg.sample.onetapmusicTests;
				PRODUCT_NAME = "$(TARGET_NAME)";
				TEST_HOST = "$(BUILT_PRODUCTS_DIR)/onetapmusic.app/onetapmusic";
			};
			name = Debug;
		};
		AC2D287F1BF88BAC007E2B8E /* Release */ = {
			isa = XCBuildConfiguration;
			buildSettings = {
				BUNDLE_LOADER = "$(TEST_HOST)";
				INFOPLIST_FILE = onetapmusicTests/Info.plist;
				LD_RUNPATH_SEARCH_PATHS = "$(inherited) @executable_path/Frameworks @loader_path/Frameworks";
				PRODUCT_BUNDLE_IDENTIFIER = rg.sample.onetapmusicTests;
				PRODUCT_NAME = "$(TARGET_NAME)";
				TEST_HOST = "$(BUILT_PRODUCTS_DIR)/onetapmusic.app/onetapmusic";
			};
			name = Release;
		};
		AC2D28811BF88BAC007E2B8E /* Debug */ = {
			isa = XCBuildConfiguration;
			buildSettings = {
				INFOPLIST_FILE = onetapmusicUITests/Info.plist;
				LD_RUNPATH_SEARCH_PATHS = "$(inherited) @executable_path/Frameworks @loader_path/Frameworks";
				PRODUCT_BUNDLE_IDENTIFIER = rg.sample.onetapmusicUITests;
				PRODUCT_NAME = "$(TARGET_NAME)";
				TEST_TARGET_NAME = onetapmusic;
				USES_XCTRUNNER = YES;
			};
			name = Debug;
		};
		AC2D28821BF88BAC007E2B8E /* Release */ = {
			isa = XCBuildConfiguration;
			buildSettings = {
				INFOPLIST_FILE = onetapmusicUITests/Info.plist;
				LD_RUNPATH_SEARCH_PATHS = "$(inherited) @executable_path/Frameworks @loader_path/Frameworks";
				PRODUCT_BUNDLE_IDENTIFIER = rg.sample.onetapmusicUITests;
				PRODUCT_NAME = "$(TARGET_NAME)";
				TEST_TARGET_NAME = onetapmusic;
				USES_XCTRUNNER = YES;
			};
			name = Release;
		};
/* End XCBuildConfiguration section */

/* Begin XCConfigurationList section */
		AC2D284D1BF88BAC007E2B8E /* Build configuration list for PBXProject "onetapmusic" */ = {
			isa = XCConfigurationList;
			buildConfigurations = (
				AC2D28781BF88BAC007E2B8E /* Debug */,
				AC2D28791BF88BAC007E2B8E /* Release */,
			);
			defaultConfigurationIsVisible = 0;
			defaultConfigurationName = Release;
		};
		AC2D287A1BF88BAC007E2B8E /* Build configuration list for PBXNativeTarget "onetapmusic" */ = {
			isa = XCConfigurationList;
			buildConfigurations = (
				AC2D287B1BF88BAC007E2B8E /* Debug */,
				AC2D287C1BF88BAC007E2B8E /* Release */,
			);
			defaultConfigurationIsVisible = 0;
			defaultConfigurationName = Release;
		};
		AC2D287D1BF88BAC007E2B8E /* Build configuration list for PBXNativeTarget "onetapmusicTests" */ = {
			isa = XCConfigurationList;
			buildConfigurations = (
				AC2D287E1BF88BAC007E2B8E /* Debug */,
				AC2D287F1BF88BAC007E2B8E /* Release */,
			);
			defaultConfigurationIsVisible = 0;
			defaultConfigurationName = Release;
		};
		AC2D28801BF88BAC007E2B8E /* Build configuration list for PBXNativeTarget "onetapmusicUITests" */ = {
			isa = XCConfigurationList;
			buildConfigurations = (
				AC2D28811BF88BAC007E2B8E /* Debug */,
				AC2D28821BF88BAC007E2B8E /* Release */,
			);
			defaultConfigurationIsVisible = 0;
			defaultConfigurationName = Release;
		};
/* End XCConfigurationList section */
	};
	rootObject = AC2D284A1BF88BAC007E2B8E /* Project object */;
}
